{
  "name": "basic-worker",
  "version": "0.0.1",
  "lockfileVersion": 2,
  "requires": true,
  "packages": {
    "": {
      "name": "basic-worker",
      "version": "0.0.1",
      "license": "MIT",
      "dependencies": {
        "basic-ledger": "github:lolotrgeek/Ledger",
        "generate-passphrase": "^1.2.0"
      }
    },
    "node_modules/basic-ledger": {
      "version": "0.0.1",
      "resolved": "git+ssh://git@github.com/lolotrgeek/Ledger.git#fd295ccc898c1a88c922fc308c133f0fd0283108",
      "license": "MIT",
      "dependencies": {
        "zyre.js": "^1.2.2"
      }
    },
    "node_modules/debug": {
      "version": "4.3.4",
      "resolved": "https://registry.npmjs.org/debug/-/debug-4.3.4.tgz",
      "integrity": "sha512-PRWFHuSU3eDtQJPvnNY7Jcket1j0t5OuOsFzPPzsekD52Zl8qUfFIPEiswXqIvHWGVHOgX+7G/vCNNhehwxfkQ==",
      "dependencies": {
        "ms": "2.1.2"
      },
      "engines": {
        "node": ">=6.0"
      },
      "peerDependenciesMeta": {
        "supports-color": {
          "optional": true
        }
      }
    },
    "node_modules/generate-passphrase": {
      "version": "1.2.0",
      "resolved": "https://registry.npmjs.org/generate-passphrase/-/generate-passphrase-1.2.0.tgz",
      "integrity": "sha512-RZZdKMlE+0baX3ukATStWAOBOJPPzvpoF1+5SdYt9DSLogF91FPx+ARaAjpkX/b7xqD4/uUGNCkBdFcl1PS9FQ==",
      "engines": {
        "node": ">=12"
      }
    },
    "node_modules/ms": {
      "version": "2.1.2",
      "resolved": "https://registry.npmjs.org/ms/-/ms-2.1.2.tgz",
      "integrity": "sha512-sGkPx+VjMtmA6MX27oA4FBFELFCZZ4S4XqeGOXCv68tT+jb3vk/RyaKWP0PTKyWtmLSM0b+adUTEvbs1PEaH2w=="
    },
    "node_modules/nan": {
      "version": "2.14.2",
      "resolved": "https://registry.npmjs.org/nan/-/nan-2.14.2.tgz",
      "integrity": "sha512-M2ufzIiINKCuDfBSAUr1vWQ+vuVcA9kqx8JJUsbQi6yf1uGRyb7HfpdfUr5qLXf3B/t8dPvcjhKMmlfnP47EzQ=="
    },
    "node_modules/node-gyp-build": {
      "version": "4.5.0",
      "resolved": "https://registry.npmjs.org/node-gyp-build/-/node-gyp-build-4.5.0.tgz",
      "integrity": "sha512-2iGbaQBV+ITgCz76ZEjmhUKAKVf7xfY1sRl4UiKQspfZMH2h06SyhNsnSVy50cwkFQDGLyif6m/6uFXHkOZ6rg==",
      "bin": {
        "node-gyp-build": "bin.js",
        "node-gyp-build-optional": "optional.js",
        "node-gyp-build-test": "build-test.js"
      }
    },
    "node_modules/uuid": {
      "version": "7.0.3",
      "resolved": "https://registry.npmjs.org/uuid/-/uuid-7.0.3.tgz",
      "integrity": "sha512-DPSke0pXhTZgoF/d+WSt2QaKMCFSfx7QegxEWT+JOuHF5aWrKEn0G+ztjuJg/gG8/ItK+rbPCD/yNv8yyih6Cg==",
      "bin": {
        "uuid": "dist/bin/uuid"
      }
    },
    "node_modules/zeromq": {
      "version": "5.2.8",
      "resolved": "https://registry.npmjs.org/zeromq/-/zeromq-5.2.8.tgz",
      "integrity": "sha512-bXzsk7KOmgLSv1tC0Ms1VXBy90+Rz27ZYf27cLuldRYbpqYpuWJfxxHFhO710t22zgWBnmdUP0m3SKFpLI0u5g==",
      "hasInstallScript": true,
      "dependencies": {
        "nan": "2.14.2",
        "node-gyp-build": "^4.2.3"
      },
      "engines": {
        "node": ">=6.0"
      }
    },
    "node_modules/zyre.js": {
      "version": "1.2.2",
      "resolved": "https://registry.npmjs.org/zyre.js/-/zyre.js-1.2.2.tgz",
      "integrity": "sha512-LL6No3s2nKxECYWXFiOttDsfuSVssl5XWS2IZIsguqwWJywAJgbKB1frF3ikZlB+3XroTGb9wXVuOBeeAYLmUA==",
      "dependencies": {
        "debug": "^4.1.1",
        "uuid": "^7.0.2",
        "zeromq": "^5.2.0"
      },
      "engines": {
        "node": ">=6.5.0"
      }
    }
  },
  "dependencies": {
    "basic-ledger": {
      "version": "git+ssh://git@github.com/lolotrgeek/Ledger.git#fd295ccc898c1a88c922fc308c133f0fd0283108",
      "from": "basic-ledger@github:lolotrgeek/Ledger",
      "requires": {
        "zyre.js": "^1.2.2"
      }
    },
    "debug": {
      "version": "4.3.4",
      "resolved": "https://registry.npmjs.org/debug/-/debug-4.3.4.tgz",
      "integrity": "sha512-PRWFHuSU3eDtQJPvnNY7Jcket1j0t5OuOsFzPPzsekD52Zl8qUfFIPEiswXqIvHWGVHOgX+7G/vCNNhehwxfkQ==",
      "requires": {
        "ms": "2.1.2"
      }
    },
    "generate-passphrase": {
      "version": "1.2.0",
      "resolved": "https://registry.npmjs.org/generate-passphrase/-/generate-passphrase-1.2.0.tgz",
      "integrity": "sha512-RZZdKMlE+0baX3ukATStWAOBOJPPzvpoF1+5SdYt9DSLogF91FPx+ARaAjpkX/b7xqD4/uUGNCkBdFcl1PS9FQ=="
    },
    "ms": {
      "version": "2.1.2",
      "resolved": "https://registry.npmjs.org/ms/-/ms-2.1.2.tgz",
      "integrity": "sha512-sGkPx+VjMtmA6MX27oA4FBFELFCZZ4S4XqeGOXCv68tT+jb3vk/RyaKWP0PTKyWtmLSM0b+adUTEvbs1PEaH2w=="
    },
    "nan": {
      "version": "2.14.2",
      "resolved": "https://registry.npmjs.org/nan/-/nan-2.14.2.tgz",
      "integrity": "sha512-M2ufzIiINKCuDfBSAUr1vWQ+vuVcA9kqx8JJUsbQi6yf1uGRyb7HfpdfUr5qLXf3B/t8dPvcjhKMmlfnP47EzQ=="
    },
    "node-gyp-build": {
      "version": "4.5.0",
      "resolved": "https://registry.npmjs.org/node-gyp-build/-/node-gyp-build-4.5.0.tgz",
      "integrity": "sha512-2iGbaQBV+ITgCz76ZEjmhUKAKVf7xfY1sRl4UiKQspfZMH2h06SyhNsnSVy50cwkFQDGLyif6m/6uFXHkOZ6rg=="
    },
    "uuid": {
      "version": "7.0.3",
      "resolved": "https://registry.npmjs.org/uuid/-/uuid-7.0.3.tgz",
      "integrity": "sha512-DPSke0pXhTZgoF/d+WSt2QaKMCFSfx7QegxEWT+JOuHF5aWrKEn0G+ztjuJg/gG8/ItK+rbPCD/yNv8yyih6Cg=="
    },
    "zeromq": {
      "version": "5.2.8",
      "resolved": "https://registry.npmjs.org/zeromq/-/zeromq-5.2.8.tgz",
      "integrity": "sha512-bXzsk7KOmgLSv1tC0Ms1VXBy90+Rz27ZYf27cLuldRYbpqYpuWJfxxHFhO710t22zgWBnmdUP0m3SKFpLI0u5g==",
      "requires": {
        "nan": "2.14.2",
        "node-gyp-build": "^4.2.3"
      }
    },
    "zyre.js": {
      "version": "1.2.2",
      "resolved": "https://registry.npmjs.org/zyre.js/-/zyre.js-1.2.2.tgz",
      "integrity": "sha512-LL6No3s2nKxECYWXFiOttDsfuSVssl5XWS2IZIsguqwWJywAJgbKB1frF3ikZlB+3XroTGb9wXVuOBeeAYLmUA==",
      "requires": {
        "debug": "^4.1.1",
        "uuid": "^7.0.2",
        "zeromq": "^5.2.0"
      }
    }
  }
}
